
Microsoft Visual Studio Solution File, Format Version 12.00
# Visual Studio Version 16
VisualStudioVersion = 16.0.31613.86
MinimumVisualStudioVersion = 10.0.40219.1
Project("{FAE04EC0-301F-11D3-BF4B-00C04F79EFBC}") = "Primer-proyecto-wed-Grupo 3", "Primer-proyecto-wed-Grupo 3.csproj", "{EEB140C3-879A-4817-B799-3D07BAE28E04}"
EndProject
Global
	GlobalSection(SolutionConfigurationPlatforms) = preSolution
		Debug|Any CPU = Debug|Any CPU
		Release|Any CPU = Release|Any CPU
	EndGlobalSection
	GlobalSection(ProjectConfigurationPlatforms) = postSolution
		{EEB140C3-879A-4817-B799-3D07BAE28E04}.Debug|Any CPU.ActiveCfg = Debug|Any CPU
		{EEB140C3-879A-4817-B799-3D07BAE28E04}.Debug|Any CPU.Build.0 = Debug|Any CPU
		{EEB140C3-879A-4817-B799-3D07BAE28E04}.Release|Any CPU.ActiveCfg = Release|Any CPU
		{EEB140C3-879A-4817-B799-3D07BAE28E04}.Release|Any CPU.Build.0 = Release|Any CPU
	EndGlobalSection
	GlobalSection(SolutionProperties) = preSolution
		HideSolutionNode = FALSE
	EndGlobalSection
	GlobalSection(ExtensibilityGlobals) = postSolution
		SolutionGuid = {A2570A15-CE22-4DE8-B402-479379E000B8}
	EndGlobalSection
EndGlobal
